// !$*UTF8*$!
{
	archiveVersion = 1;
	classes = {
	};
	objectVersion = 51;
	objects = {

/* Begin PBXBuildFile section */
		D4CC5D836F322C9BF708FCFF /* Pods_TheMoviesApp.framework in Frameworks */ = {isa = PBXBuildFile; fileRef = DDD921485168CDAC81370134 /* Pods_TheMoviesApp.framework */; };
		E2197C1F24FFDE6300219664 /* AppDelegate.swift in Sources */ = {isa = PBXBuildFile; fileRef = E2197C1E24FFDE6300219664 /* AppDelegate.swift */; };
		E2197C2124FFDE6300219664 /* SceneDelegate.swift in Sources */ = {isa = PBXBuildFile; fileRef = E2197C2024FFDE6300219664 /* SceneDelegate.swift */; };
		E2197C2824FFDE6500219664 /* Assets.xcassets in Resources */ = {isa = PBXBuildFile; fileRef = E2197C2724FFDE6500219664 /* Assets.xcassets */; };
		E2197C2B24FFDE6500219664 /* LaunchScreen.storyboard in Resources */ = {isa = PBXBuildFile; fileRef = E2197C2924FFDE6500219664 /* LaunchScreen.storyboard */; };
		E2197C3624FFDF2700219664 /* HomeViewController.swift in Sources */ = {isa = PBXBuildFile; fileRef = E2197C3424FFDF2700219664 /* HomeViewController.swift */; };
		E2197C3724FFDF2700219664 /* HomeViewController.xib in Resources */ = {isa = PBXBuildFile; fileRef = E2197C3524FFDF2700219664 /* HomeViewController.xib */; };
		E2197C3B24FFE00A00219664 /* HomeRouter.swift in Sources */ = {isa = PBXBuildFile; fileRef = E2197C3A24FFE00A00219664 /* HomeRouter.swift */; };
		E2197C3F24FFE26600219664 /* HomeViewModel.swift in Sources */ = {isa = PBXBuildFile; fileRef = E2197C3E24FFE26600219664 /* HomeViewModel.swift */; };
		E2657DCE250642FE0075251F /* CustomMovieCell.swift in Sources */ = {isa = PBXBuildFile; fileRef = E2657DCC250642FE0075251F /* CustomMovieCell.swift */; };
		E2657DCF250642FE0075251F /* CustomMovieCell.xib in Resources */ = {isa = PBXBuildFile; fileRef = E2657DCD250642FE0075251F /* CustomMovieCell.xib */; };
		E2D3DDC22500E42F006F2B2D /* Constants.swift in Sources */ = {isa = PBXBuildFile; fileRef = E2D3DDC12500E42F006F2B2D /* Constants.swift */; };
		E2D3DDC52500FE8E006F2B2D /* ManagerServices.swift in Sources */ = {isa = PBXBuildFile; fileRef = E2D3DDC42500FE8E006F2B2D /* ManagerServices.swift */; };
		E2D3DDC72501009F006F2B2D /* Movies.swift in Sources */ = {isa = PBXBuildFile; fileRef = E2D3DDC62501009F006F2B2D /* Movies.swift */; };
/* End PBXBuildFile section */

/* Begin PBXFileReference section */
		04829A2FC15323DE78791F24 /* Pods-TheMoviesApp.release.xcconfig */ = {isa = PBXFileReference; includeInIndex = 1; lastKnownFileType = text.xcconfig; name = "Pods-TheMoviesApp.release.xcconfig"; path = "Target Support Files/Pods-TheMoviesApp/Pods-TheMoviesApp.release.xcconfig"; sourceTree = "<group>"; };
		D4D3E01B555CC06FEB82E8CE /* Pods-TheMoviesApp.debug.xcconfig */ = {isa = PBXFileReference; includeInIndex = 1; lastKnownFileType = text.xcconfig; name = "Pods-TheMoviesApp.debug.xcconfig"; path = "Target Support Files/Pods-TheMoviesApp/Pods-TheMoviesApp.debug.xcconfig"; sourceTree = "<group>"; };
		DDD921485168CDAC81370134 /* Pods_TheMoviesApp.framework */ = {isa = PBXFileReference; explicitFileType = wrapper.framework; includeInIndex = 0; path = Pods_TheMoviesApp.framework; sourceTree = BUILT_PRODUCTS_DIR; };
		E2197C1B24FFDE6300219664 /* TheMoviesApp.app */ = {isa = PBXFileReference; explicitFileType = wrapper.application; includeInIndex = 0; path = TheMoviesApp.app; sourceTree = BUILT_PRODUCTS_DIR; };
		E2197C1E24FFDE6300219664 /* AppDelegate.swift */ = {isa = PBXFileReference; lastKnownFileType = sourcecode.swift; path = AppDelegate.swift; sourceTree = "<group>"; };
		E2197C2024FFDE6300219664 /* SceneDelegate.swift */ = {isa = PBXFileReference; lastKnownFileType = sourcecode.swift; path = SceneDelegate.swift; sourceTree = "<group>"; };
		E2197C2724FFDE6500219664 /* Assets.xcassets */ = {isa = PBXFileReference; lastKnownFileType = folder.assetcatalog; path = Assets.xcassets; sourceTree = "<group>"; };
		E2197C2A24FFDE6500219664 /* Base */ = {isa = PBXFileReference; lastKnownFileType = file.storyboard; name = Base; path = Base.lproj/LaunchScreen.storyboard; sourceTree = "<group>"; };
		E2197C2C24FFDE6500219664 /* Info.plist */ = {isa = PBXFileReference; lastKnownFileType = text.plist.xml; path = Info.plist; sourceTree = "<group>"; };
		E2197C3424FFDF2700219664 /* HomeViewController.swift */ = {isa = PBXFileReference; lastKnownFileType = sourcecode.swift; path = HomeViewController.swift; sourceTree = "<group>"; };
		E2197C3524FFDF2700219664 /* HomeViewController.xib */ = {isa = PBXFileReference; lastKnownFileType = file.xib; path = HomeViewController.xib; sourceTree = "<group>"; };
		E2197C3A24FFE00A00219664 /* HomeRouter.swift */ = {isa = PBXFileReference; lastKnownFileType = sourcecode.swift; path = HomeRouter.swift; sourceTree = "<group>"; };
		E2197C3E24FFE26600219664 /* HomeViewModel.swift */ = {isa = PBXFileReference; lastKnownFileType = sourcecode.swift; path = HomeViewModel.swift; sourceTree = "<group>"; };
		E2657DCC250642FE0075251F /* CustomMovieCell.swift */ = {isa = PBXFileReference; lastKnownFileType = sourcecode.swift; path = CustomMovieCell.swift; sourceTree = "<group>"; };
		E2657DCD250642FE0075251F /* CustomMovieCell.xib */ = {isa = PBXFileReference; lastKnownFileType = file.xib; path = CustomMovieCell.xib; sourceTree = "<group>"; };
		E2D3DDC12500E42F006F2B2D /* Constants.swift */ = {isa = PBXFileReference; lastKnownFileType = sourcecode.swift; path = Constants.swift; sourceTree = "<group>"; };
		E2D3DDC42500FE8E006F2B2D /* ManagerServices.swift */ = {isa = PBXFileReference; lastKnownFileType = sourcecode.swift; path = ManagerServices.swift; sourceTree = "<group>"; };
		E2D3DDC62501009F006F2B2D /* Movies.swift */ = {isa = PBXFileReference; lastKnownFileType = sourcecode.swift; path = Movies.swift; sourceTree = "<group>"; };
/* End PBXFileReference section */

/* Begin PBXFrameworksBuildPhase section */
		E2197C1824FFDE6300219664 /* Frameworks */ = {
			isa = PBXFrameworksBuildPhase;
			buildActionMask = 2147483647;
			files = (
				D4CC5D836F322C9BF708FCFF /* Pods_TheMoviesApp.framework in Frameworks */,
			);
			runOnlyForDeploymentPostprocessing = 0;
		};
/* End PBXFrameworksBuildPhase section */

/* Begin PBXGroup section */
		076B3ACE2A2B33802FF177A7 /* Frameworks */ = {
			isa = PBXGroup;
			children = (
				DDD921485168CDAC81370134 /* Pods_TheMoviesApp.framework */,
			);
			name = Frameworks;
			sourceTree = "<group>";
		};
		2CA1D0690133C2ED9893EE55 /* Pods */ = {
			isa = PBXGroup;
			children = (
				D4D3E01B555CC06FEB82E8CE /* Pods-TheMoviesApp.debug.xcconfig */,
				04829A2FC15323DE78791F24 /* Pods-TheMoviesApp.release.xcconfig */,
			);
			path = Pods;
			sourceTree = "<group>";
		};
		E2197C1224FFDE6300219664 = {
			isa = PBXGroup;
			children = (
				E2197C1D24FFDE6300219664 /* TheMoviesApp */,
				E2D3DDC32500FE6C006F2B2D /* NetworkManager */,
				E2197C1C24FFDE6300219664 /* Products */,
				2CA1D0690133C2ED9893EE55 /* Pods */,
				076B3ACE2A2B33802FF177A7 /* Frameworks */,
			);
			sourceTree = "<group>";
		};
		E2197C1C24FFDE6300219664 /* Products */ = {
			isa = PBXGroup;
			children = (
				E2197C1B24FFDE6300219664 /* TheMoviesApp.app */,
			);
			name = Products;
			sourceTree = "<group>";
		};
		E2197C1D24FFDE6300219664 /* TheMoviesApp */ = {
			isa = PBXGroup;
			children = (
				E2197C1E24FFDE6300219664 /* AppDelegate.swift */,
				E2197C2024FFDE6300219664 /* SceneDelegate.swift */,
				E2197C3224FFDE6900219664 /* Home */,
				E2197C3324FFDE7100219664 /* DetailsView */,
				E2D3DDC02500E3CB006F2B2D /* Resources */,
				E2197C2724FFDE6500219664 /* Assets.xcassets */,
				E2197C2924FFDE6500219664 /* LaunchScreen.storyboard */,
				E2197C2C24FFDE6500219664 /* Info.plist */,
			);
			path = TheMoviesApp;
			sourceTree = "<group>";
		};
		E2197C3224FFDE6900219664 /* Home */ = {
			isa = PBXGroup;
			children = (
				E2197C3C24FFE20A00219664 /* Model */,
				E2197C3824FFDFE400219664 /* View */,
				E2197C3D24FFE21000219664 /* ViewModel */,
				E2197C3924FFDFF400219664 /* Router */,
			);
			path = Home;
			sourceTree = "<group>";
		};
		E2197C3324FFDE7100219664 /* DetailsView */ = {
			isa = PBXGroup;
			children = (
			);
			path = DetailsView;
			sourceTree = "<group>";
		};
		E2197C3824FFDFE400219664 /* View */ = {
			isa = PBXGroup;
			children = (
				E2197C3424FFDF2700219664 /* HomeViewController.swift */,
				E2197C3524FFDF2700219664 /* HomeViewController.xib */,
				E2657DCC250642FE0075251F /* CustomMovieCell.swift */,
				E2657DCD250642FE0075251F /* CustomMovieCell.xib */,
			);
			path = View;
			sourceTree = "<group>";
		};
		E2197C3924FFDFF400219664 /* Router */ = {
			isa = PBXGroup;
			children = (
				E2197C3A24FFE00A00219664 /* HomeRouter.swift */,
			);
			path = Router;
			sourceTree = "<group>";
		};
		E2197C3C24FFE20A00219664 /* Model */ = {
			isa = PBXGroup;
			children = (
				E2D3DDC62501009F006F2B2D /* Movies.swift */,
			);
			path = Model;
			sourceTree = "<group>";
		};
		E2197C3D24FFE21000219664 /* ViewModel */ = {
			isa = PBXGroup;
			children = (
				E2197C3E24FFE26600219664 /* HomeViewModel.swift */,
			);
			path = ViewModel;
			sourceTree = "<group>";
		};
		E2D3DDC02500E3CB006F2B2D /* Resources */ = {
			isa = PBXGroup;
			children = (
				E2D3DDC12500E42F006F2B2D /* Constants.swift */,
			);
			path = Resources;
			sourceTree = "<group>";
		};
		E2D3DDC32500FE6C006F2B2D /* NetworkManager */ = {
			isa = PBXGroup;
			children = (
				E2D3DDC42500FE8E006F2B2D /* ManagerServices.swift */,
			);
			path = NetworkManager;
			sourceTree = "<group>";
		};
/* End PBXGroup section */

/* Begin PBXNativeTarget section */
		E2197C1A24FFDE6300219664 /* TheMoviesApp */ = {
			isa = PBXNativeTarget;
			buildConfigurationList = E2197C2F24FFDE6500219664 /* Build configuration list for PBXNativeTarget "TheMoviesApp" */;
			buildPhases = (
				32C85C7007BD35B93CF84180 /* [CP] Check Pods Manifest.lock */,
				E2197C1724FFDE6300219664 /* Sources */,
				E2197C1824FFDE6300219664 /* Frameworks */,
				E2197C1924FFDE6300219664 /* Resources */,
				2C95535DC2DBDEFDACC370FF /* [CP] Embed Pods Frameworks */,
			);
			buildRules = (
			);
			dependencies = (
			);
			name = TheMoviesApp;
			productName = TheMoviesApp;
			productReference = E2197C1B24FFDE6300219664 /* TheMoviesApp.app */;
			productType = "com.apple.product-type.application";
		};
/* End PBXNativeTarget section */

/* Begin PBXProject section */
		E2197C1324FFDE6300219664 /* Project object */ = {
			isa = PBXProject;
			attributes = {
				LastSwiftUpdateCheck = 1160;
				LastUpgradeCheck = 1160;
				ORGANIZATIONNAME = "Little Monster";
				TargetAttributes = {
					E2197C1A24FFDE6300219664 = {
						CreatedOnToolsVersion = 11.6;
					};
				};
			};
			buildConfigurationList = E2197C1624FFDE6300219664 /* Build configuration list for PBXProject "TheMoviesApp" */;
			compatibilityVersion = "Xcode 9.3";
			developmentRegion = en;
			hasScannedForEncodings = 0;
			knownRegions = (
				en,
				Base,
			);
			mainGroup = E2197C1224FFDE6300219664;
			productRefGroup = E2197C1C24FFDE6300219664 /* Products */;
			projectDirPath = "";
			projectRoot = "";
			targets = (
				E2197C1A24FFDE6300219664 /* TheMoviesApp */,
			);
		};
/* End PBXProject section */

/* Begin PBXResourcesBuildPhase section */
		E2197C1924FFDE6300219664 /* Resources */ = {
			isa = PBXResourcesBuildPhase;
			buildActionMask = 2147483647;
			files = (
				E2197C2B24FFDE6500219664 /* LaunchScreen.storyboard in Resources */,
				E2197C2824FFDE6500219664 /* Assets.xcassets in Resources */,
				E2197C3724FFDF2700219664 /* HomeViewController.xib in Resources */,
				E2657DCF250642FE0075251F /* CustomMovieCell.xib in Resources */,
			);
			runOnlyForDeploymentPostprocessing = 0;
		};
/* End PBXResourcesBuildPhase section */

/* Begin PBXShellScriptBuildPhase section */
		2C95535DC2DBDEFDACC370FF /* [CP] Embed Pods Frameworks */ = {
			isa = PBXShellScriptBuildPhase;
			buildActionMask = 2147483647;
			files = (
			);
			inputFileListPaths = (
				"${PODS_ROOT}/Target Support Files/Pods-TheMoviesApp/Pods-TheMoviesApp-frameworks-${CONFIGURATION}-input-files.xcfilelist",
			);
			name = "[CP] Embed Pods Frameworks";
			outputFileListPaths = (
				"${PODS_ROOT}/Target Support Files/Pods-TheMoviesApp/Pods-TheMoviesApp-frameworks-${CONFIGURATION}-output-files.xcfilelist",
			);
			runOnlyForDeploymentPostprocessing = 0;
			shellPath = /bin/sh;
			shellScript = "\"${PODS_ROOT}/Target Support Files/Pods-TheMoviesApp/Pods-TheMoviesApp-frameworks.sh\"\n";
			showEnvVarsInLog = 0;
		};
		32C85C7007BD35B93CF84180 /* [CP] Check Pods Manifest.lock */ = {
			isa = PBXShellScriptBuildPhase;
			buildActionMask = 2147483647;
			files = (
			);
			inputFileListPaths = (
			);
			inputPaths = (
				"${PODS_PODFILE_DIR_PATH}/Podfile.lock",
				"${PODS_ROOT}/Manifest.lock",
			);
			name = "[CP] Check Pods Manifest.lock";
			outputFileListPaths = (
			);
			outputPaths = (
				"$(DERIVED_FILE_DIR)/Pods-TheMoviesApp-checkManifestLockResult.txt",
			);
			runOnlyForDeploymentPostprocessing = 0;
			shellPath = /bin/sh;
			shellScript = "diff \"${PODS_PODFILE_DIR_PATH}/Podfile.lock\" \"${PODS_ROOT}/Manifest.lock\" > /dev/null\nif [ $? != 0 ] ; then\n    # print error to STDERR\n    echo \"error: The sandbox is not in sync with the Podfile.lock. Run 'pod install' or update your CocoaPods installation.\" >&2\n    exit 1\nfi\n# This output is used by Xcode 'outputs' to avoid re-running this script phase.\necho \"SUCCESS\" > \"${SCRIPT_OUTPUT_FILE_0}\"\n";
			showEnvVarsInLog = 0;
		};
/* End PBXShellScriptBuildPhase section */

/* Begin PBXSourcesBuildPhase section */
		E2197C1724FFDE6300219664 /* Sources */ = {
			isa = PBXSourcesBuildPhase;
			buildActionMask = 2147483647;
			files = (
				E2D3DDC52500FE8E006F2B2D /* ManagerServices.swift in Sources */,
				E2197C3F24FFE26600219664 /* HomeViewModel.swift in Sources */,
				E2D3DDC72501009F006F2B2D /* Movies.swift in Sources */,
				E2197C1F24FFDE6300219664 /* AppDelegate.swift in Sources */,
				E2197C2124FFDE6300219664 /* SceneDelegate.swift in Sources */,
				E2657DCE250642FE0075251F /* CustomMovieCell.swift in Sources */,
				E2197C3624FFDF2700219664 /* HomeViewController.swift in Sources */,
				E2197C3B24FFE00A00219664 /* HomeRouter.swift in Sources */,
				E2D3DDC22500E42F006F2B2D /* Constants.swift in Sources */,
			);
			runOnlyForDeploymentPostprocessing = 0;
		};
/* End PBXSourcesBuildPhase section */

/* Begin PBXVariantGroup section */
		E2197C2924FFDE6500219664 /* LaunchScreen.storyboard */ = {
			isa = PBXVariantGroup;
			children = (
				E2197C2A24FFDE6500219664 /* Base */,
			);
			name = LaunchScreen.storyboard;
			sourceTree = "<group>";
		};
/* End PBXVariantGroup section */

/* Begin XCBuildConfiguration section */
		E2197C2D24FFDE6500219664 /* Debug */ = {
			isa = XCBuildConfiguration;
			buildSettings = {
				ALWAYS_SEARCH_USER_PATHS = NO;
				CLANG_ANALYZER_NONNULL = YES;
				CLANG_ANALYZER_NUMBER_OBJECT_CONVERSION = YES_AGGRESSIVE;
				CLANG_CXX_LANGUAGE_STANDARD = "gnu++14";
				CLANG_CXX_LIBRARY = "libc++";
				CLANG_ENABLE_MODULES = YES;
				CLANG_ENABLE_OBJC_ARC = YES;
				CLANG_ENABLE_OBJC_WEAK = YES;
				CLANG_WARN_BLOCK_CAPTURE_AUTORELEASING = YES;
				CLANG_WARN_BOOL_CONVERSION = YES;
				CLANG_WARN_COMMA = YES;
				CLANG_WARN_CONSTANT_CONVERSION = YES;
				CLANG_WARN_DEPRECATED_OBJC_IMPLEMENTATIONS = YES;
				CLANG_WARN_DIRECT_OBJC_ISA_USAGE = YES_ERROR;
				CLANG_WARN_DOCUMENTATION_COMMENTS = YES;
				CLANG_WARN_EMPTY_BODY = YES;
				CLANG_WARN_ENUM_CONVERSION = YES;
				CLANG_WARN_INFINITE_RECURSION = YES;
				CLANG_WARN_INT_CONVERSION = YES;
				CLANG_WARN_NON_LITERAL_NULL_CONVERSION = YES;
				CLANG_WARN_OBJC_IMPLICIT_RETAIN_SELF = YES;
				CLANG_WARN_OBJC_LITERAL_CONVERSION = YES;
				CLANG_WARN_OBJC_ROOT_CLASS = YES_ERROR;
				CLANG_WARN_RANGE_LOOP_ANALYSIS = YES;
				CLANG_WARN_STRICT_PROTOTYPES = YES;
				CLANG_WARN_SUSPICIOUS_MOVE = YES;
				CLANG_WARN_UNGUARDED_AVAILABILITY = YES_AGGRESSIVE;
				CLANG_WARN_UNREACHABLE_CODE = YES;
				CLANG_WARN__DUPLICATE_METHOD_MATCH = YES;
				COPY_PHASE_STRIP = NO;
				DEBUG_INFORMATION_FORMAT = dwarf;
				ENABLE_STRICT_OBJC_MSGSEND = YES;
				ENABLE_TESTABILITY = YES;
				GCC_C_LANGUAGE_STANDARD = gnu11;
				GCC_DYNAMIC_NO_PIC = NO;
				GCC_NO_COMMON_BLOCKS = YES;
				GCC_OPTIMIZATION_LEVEL = 0;
				GCC_PREPROCESSOR_DEFINITIONS = (
					"DEBUG=1",
					"$(inherited)",
				);
				GCC_WARN_64_TO_32_BIT_CONVERSION = YES;
				GCC_WARN_ABOUT_RETURN_TYPE = YES_ERROR;
				GCC_WARN_UNDECLARED_SELECTOR = YES;
				GCC_WARN_UNINITIALIZED_AUTOS = YES_AGGRESSIVE;
				GCC_WARN_UNUSED_FUNCTION = YES;
				GCC_WARN_UNUSED_VARIABLE = YES;
				IPHONEOS_DEPLOYMENT_TARGET = 13.6;
				MTL_ENABLE_DEBUG_INFO = INCLUDE_SOURCE;
				MTL_FAST_MATH = YES;
				ONLY_ACTIVE_ARCH = YES;
				SDKROOT = iphoneos;
				SWIFT_ACTIVE_COMPILATION_CONDITIONS = DEBUG;
				SWIFT_OPTIMIZATION_LEVEL = "-Onone";
			};
			name = Debug;
		};
		E2197C2E24FFDE6500219664 /* Release */ = {
			isa = XCBuildConfiguration;
			buildSettings = {
				ALWAYS_SEARCH_USER_PATHS = NO;
				CLANG_ANALYZER_NONNULL = YES;
				CLANG_ANALYZER_NUMBER_OBJECT_CONVERSION = YES_AGGRESSIVE;
				CLANG_CXX_LANGUAGE_STANDARD = "gnu++14";
				CLANG_CXX_LIBRARY = "libc++";
				CLANG_ENABLE_MODULES = YES;
				CLANG_ENABLE_OBJC_ARC = YES;
				CLANG_ENABLE_OBJC_WEAK = YES;
				CLANG_WARN_BLOCK_CAPTURE_AUTORELEASING = YES;
				CLANG_WARN_BOOL_CONVERSION = YES;
				CLANG_WARN_COMMA = YES;
				CLANG_WARN_CONSTANT_CONVERSION = YES;
				CLANG_WARN_DEPRECATED_OBJC_IMPLEMENTATIONS = YES;
				CLANG_WARN_DIRECT_OBJC_ISA_USAGE = YES_ERROR;
				CLANG_WARN_DOCUMENTATION_COMMENTS = YES;
				CLANG_WARN_EMPTY_BODY = YES;
				CLANG_WARN_ENUM_CONVERSION = YES;
				CLANG_WARN_INFINITE_RECURSION = YES;
				CLANG_WARN_INT_CONVERSION = YES;
				CLANG_WARN_NON_LITERAL_NULL_CONVERSION = YES;
				CLANG_WARN_OBJC_IMPLICIT_RETAIN_SELF = YES;
				CLANG_WARN_OBJC_LITERAL_CONVERSION = YES;
				CLANG_WARN_OBJC_ROOT_CLASS = YES_ERROR;
				CLANG_WARN_RANGE_LOOP_ANALYSIS = YES;
				CLANG_WARN_STRICT_PROTOTYPES = YES;
				CLANG_WARN_SUSPICIOUS_MOVE = YES;
				CLANG_WARN_UNGUARDED_AVAILABILITY = YES_AGGRESSIVE;
				CLANG_WARN_UNREACHABLE_CODE = YES;
				CLANG_WARN__DUPLICATE_METHOD_MATCH = YES;
				COPY_PHASE_STRIP = NO;
				DEBUG_INFORMATION_FORMAT = "dwarf-with-dsym";
				ENABLE_NS_ASSERTIONS = NO;
				ENABLE_STRICT_OBJC_MSGSEND = YES;
				GCC_C_LANGUAGE_STANDARD = gnu11;
				GCC_NO_COMMON_BLOCKS = YES;
				GCC_WARN_64_TO_32_BIT_CONVERSION = YES;
				GCC_WARN_ABOUT_RETURN_TYPE = YES_ERROR;
				GCC_WARN_UNDECLARED_SELECTOR = YES;
				GCC_WARN_UNINITIALIZED_AUTOS = YES_AGGRESSIVE;
				GCC_WARN_UNUSED_FUNCTION = YES;
				GCC_WARN_UNUSED_VARIABLE = YES;
				IPHONEOS_DEPLOYMENT_TARGET = 13.6;
				MTL_ENABLE_DEBUG_INFO = NO;
				MTL_FAST_MATH = YES;
				SDKROOT = iphoneos;
				SWIFT_COMPILATION_MODE = wholemodule;
				SWIFT_OPTIMIZATION_LEVEL = "-O";
				VALIDATE_PRODUCT = YES;
			};
			name = Release;
		};
		E2197C3024FFDE6500219664 /* Debug */ = {
			isa = XCBuildConfiguration;
			baseConfigurationReference = D4D3E01B555CC06FEB82E8CE /* Pods-TheMoviesApp.debug.xcconfig */;
			buildSettings = {
				ASSETCATALOG_COMPILER_APPICON_NAME = AppIcon;
				CODE_SIGN_STYLE = Automatic;
				DEVELOPMENT_TEAM = 934NVR3K3Z;
				INFOPLIST_FILE = TheMoviesApp/Info.plist;
				LD_RUNPATH_SEARCH_PATHS = (
					"$(inherited)",
					"@executable_path/Frameworks",
				);
				PRODUCT_BUNDLE_IDENTIFIER = com.oscargarrucho.TheMoviesApp;
				PRODUCT_NAME = "$(TARGET_NAME)";
				SWIFT_VERSION = 5.0;
				TARGETED_DEVICE_FAMILY = "1,2";
			};
			name = Debug;
		};
		E2197C3124FFDE6500219664 /* Release */ = {
			isa = XCBuildConfiguration;
			baseConfigurationReference = 04829A2FC15323DE78791F24 /* Pods-TheMoviesApp.release.xcconfig */;
			buildSettings = {
				ASSETCATALOG_COMPILER_APPICON_NAME = AppIcon;
				CODE_SIGN_STYLE = Automatic;
				DEVELOPMENT_TEAM = 934NVR3K3Z;
				INFOPLIST_FILE = TheMoviesApp/Info.plist;
				LD_RUNPATH_SEARCH_PATHS = (
					"$(inherited)",
					"@executable_path/Frameworks",
				);
				PRODUCT_BUNDLE_IDENTIFIER = com.oscargarrucho.TheMoviesApp;
				PRODUCT_NAME = "$(TARGET_NAME)";
				SWIFT_VERSION = 5.0;
				TARGETED_DEVICE_FAMILY = "1,2";
			};
			name = Release;
		};
/* End XCBuildConfiguration section */

/* Begin XCConfigurationList section */
		E2197C1624FFDE6300219664 /* Build configuration list for PBXProject "TheMoviesApp" */ = {
			isa = XCConfigurationList;
			buildConfigurations = (
				E2197C2D24FFDE6500219664 /* Debug */,
				E2197C2E24FFDE6500219664 /* Release */,
			);
			defaultConfigurationIsVisible = 0;
			defaultConfigurationName = Release;
		};
		E2197C2F24FFDE6500219664 /* Build configuration list for PBXNativeTarget "TheMoviesApp" */ = {
			isa = XCConfigurationList;
			buildConfigurations = (
				E2197C3024FFDE6500219664 /* Debug */,
				E2197C3124FFDE6500219664 /* Release */,
			);
			defaultConfigurationIsVisible = 0;
			defaultConfigurationName = Release;
		};
/* End XCConfigurationList section */
	};
	rootObject = E2197C1324FFDE6300219664 /* Project object */;
}
